
Microsoft Visual Studio Solution File, Format Version 12.00
Project("{FAE04EC0-301F-11D3-BF4B-00C04F79EFBC}") = "RetailRocketInterviewTest", "RetailRocketInterviewTest\RetailRocketInterviewTest.csproj", "{505B89BC-C128-4D68-89E7-B807D1BC7BEB}"
EndProject
Global
	GlobalSection(SolutionConfigurationPlatforms) = preSolution
		Debug|Any CPU = Debug|Any CPU
		Release|Any CPU = Release|Any CPU
	EndGlobalSection
	GlobalSection(ProjectConfigurationPlatforms) = postSolution
		{505B89BC-C128-4D68-89E7-B807D1BC7BEB}.Debug|Any CPU.ActiveCfg = Debug|Any CPU
		{505B89BC-C128-4D68-89E7-B807D1BC7BEB}.Debug|Any CPU.Build.0 = Debug|Any CPU
		{505B89BC-C128-4D68-89E7-B807D1BC7BEB}.Release|Any CPU.ActiveCfg = Release|Any CPU
		{505B89BC-C128-4D68-89E7-B807D1BC7BEB}.Release|Any CPU.Build.0 = Release|Any CPU
	EndGlobalSection
EndGlobal
